
Microsoft Visual Studio Solution File, Format Version 12.00
# Visual Studio 15
VisualStudioVersion = 15.0.28010.2046
MinimumVisualStudioVersion = 10.0.40219.1
Project("{FAE04EC0-301F-11D3-BF4B-00C04F79EFBC}") = "TicTacToe", "TicTacToe\TicTacToe.csproj", "{E9CDE928-658D-4416-A6A8-F51CA33BEDAB}"
EndProject
Global
	GlobalSection(SolutionConfigurationPlatforms) = preSolution
		Debug|Any CPU = Debug|Any CPU
		Release|Any CPU = Release|Any CPU
	EndGlobalSection
	GlobalSection(ProjectConfigurationPlatforms) = postSolution
		{E9CDE928-658D-4416-A6A8-F51CA33BEDAB}.Debug|Any CPU.ActiveCfg = Debug|Any CPU
		{E9CDE928-658D-4416-A6A8-F51CA33BEDAB}.Debug|Any CPU.Build.0 = Debug|Any CPU
		{E9CDE928-658D-4416-A6A8-F51CA33BEDAB}.Release|Any CPU.ActiveCfg = Release|Any CPU
		{E9CDE928-658D-4416-A6A8-F51CA33BEDAB}.Release|Any CPU.Build.0 = Release|Any CPU
	EndGlobalSection
	GlobalSection(SolutionProperties) = preSolution
		HideSolutionNode = FALSE
	EndGlobalSection
	GlobalSection(ExtensibilityGlobals) = postSolution
		SolutionGuid = {41E8CB74-D54C-400A-B43F-AFE6284EAFF0}
	EndGlobalSection
EndGlobal
